
Microsoft Visual Studio Solution File, Format Version 12.00
# Visual Studio Version 17
VisualStudioVersion = 17.2.32526.322
MinimumVisualStudioVersion = 10.0.40219.1
Project("{FAE04EC0-301F-11D3-BF4B-00C04F79EFBC}") = "TaskManager", "TaskManager\TaskManager.csproj", "{DA11C316-32D6-473A-8B7D-986BE6129FDB}"
EndProject
Global
	GlobalSection(SolutionConfigurationPlatforms) = preSolution
		Debug|Any CPU = Debug|Any CPU
		Release|Any CPU = Release|Any CPU
	EndGlobalSection
	GlobalSection(ProjectConfigurationPlatforms) = postSolution
		{DA11C316-32D6-473A-8B7D-986BE6129FDB}.Debug|Any CPU.ActiveCfg = Debug|Any CPU
		{DA11C316-32D6-473A-8B7D-986BE6129FDB}.Debug|Any CPU.Build.0 = Debug|Any CPU
		{DA11C316-32D6-473A-8B7D-986BE6129FDB}.Release|Any CPU.ActiveCfg = Release|Any CPU
		{DA11C316-32D6-473A-8B7D-986BE6129FDB}.Release|Any CPU.Build.0 = Release|Any CPU
	EndGlobalSection
	GlobalSection(SolutionProperties) = preSolution
		HideSolutionNode = FALSE
	EndGlobalSection
	GlobalSection(ExtensibilityGlobals) = postSolution
		SolutionGuid = {5480D005-BCD3-4F06-A5E9-3E7784CB1070}
	EndGlobalSection
EndGlobal
